
Microsoft Visual Studio Solution File, Format Version 12.00
# Visual Studio Version 16
VisualStudioVersion = 16.0.30404.54
MinimumVisualStudioVersion = 15.0.26124.0
Project("{9A19103F-16F7-4668-BE54-9A1E7A4F7556}") = "Test", "Test\Test.csproj", "{77B8B04C-7C8E-423B-A4A5-8D1743C25485}"
EndProject
Project("{9A19103F-16F7-4668-BE54-9A1E7A4F7556}") = "Api", "Api\Api.csproj", "{C70E5C81-84E0-4045-A81A-69BE8C74490C}"
EndProject
Project("{9A19103F-16F7-4668-BE54-9A1E7A4F7556}") = "Data", "Data\Data.csproj", "{DAE4B4FE-545E-4C95-A71A-EFA0754CA6DC}"
EndProject
Project("{9A19103F-16F7-4668-BE54-9A1E7A4F7556}") = "Client", "Client\Client.csproj", "{1AD16403-07C1-4B73-81B6-24979E218919}"
EndProject
Project("{9A19103F-16F7-4668-BE54-9A1E7A4F7556}") = "Server", "Server\Server.csproj", "{7F15B67F-ED8E-44EE-8119-6C3131918342}"
EndProject
Global
	GlobalSection(SolutionConfigurationPlatforms) = preSolution
		Debug|Any CPU = Debug|Any CPU
		Debug|x64 = Debug|x64
		Debug|x86 = Debug|x86
		Release|Any CPU = Release|Any CPU
		Release|x64 = Release|x64
		Release|x86 = Release|x86
	EndGlobalSection
	GlobalSection(ProjectConfigurationPlatforms) = postSolution
		{77B8B04C-7C8E-423B-A4A5-8D1743C25485}.Debug|Any CPU.ActiveCfg = Debug|Any CPU
		{77B8B04C-7C8E-423B-A4A5-8D1743C25485}.Debug|Any CPU.Build.0 = Debug|Any CPU
		{77B8B04C-7C8E-423B-A4A5-8D1743C25485}.Debug|x64.ActiveCfg = Debug|Any CPU
		{77B8B04C-7C8E-423B-A4A5-8D1743C25485}.Debug|x64.Build.0 = Debug|Any CPU
		{77B8B04C-7C8E-423B-A4A5-8D1743C25485}.Debug|x86.ActiveCfg = Debug|Any CPU
		{77B8B04C-7C8E-423B-A4A5-8D1743C25485}.Debug|x86.Build.0 = Debug|Any CPU
		{77B8B04C-7C8E-423B-A4A5-8D1743C25485}.Release|Any CPU.ActiveCfg = Release|Any CPU
		{77B8B04C-7C8E-423B-A4A5-8D1743C25485}.Release|Any CPU.Build.0 = Release|Any CPU
		{77B8B04C-7C8E-423B-A4A5-8D1743C25485}.Release|x64.ActiveCfg = Release|Any CPU
		{77B8B04C-7C8E-423B-A4A5-8D1743C25485}.Release|x64.Build.0 = Release|Any CPU
		{77B8B04C-7C8E-423B-A4A5-8D1743C25485}.Release|x86.ActiveCfg = Release|Any CPU
		{77B8B04C-7C8E-423B-A4A5-8D1743C25485}.Release|x86.Build.0 = Release|Any CPU
		{C70E5C81-84E0-4045-A81A-69BE8C74490C}.Debug|Any CPU.ActiveCfg = Debug|Any CPU
		{C70E5C81-84E0-4045-A81A-69BE8C74490C}.Debug|Any CPU.Build.0 = Debug|Any CPU
		{C70E5C81-84E0-4045-A81A-69BE8C74490C}.Debug|x64.ActiveCfg = Debug|Any CPU
		{C70E5C81-84E0-4045-A81A-69BE8C74490C}.Debug|x64.Build.0 = Debug|Any CPU
		{C70E5C81-84E0-4045-A81A-69BE8C74490C}.Debug|x86.ActiveCfg = Debug|Any CPU
		{C70E5C81-84E0-4045-A81A-69BE8C74490C}.Debug|x86.Build.0 = Debug|Any CPU
		{C70E5C81-84E0-4045-A81A-69BE8C74490C}.Release|Any CPU.ActiveCfg = Release|Any CPU
		{C70E5C81-84E0-4045-A81A-69BE8C74490C}.Release|Any CPU.Build.0 = Release|Any CPU
		{C70E5C81-84E0-4045-A81A-69BE8C74490C}.Release|x64.ActiveCfg = Release|Any CPU
		{C70E5C81-84E0-4045-A81A-69BE8C74490C}.Release|x64.Build.0 = Release|Any CPU
		{C70E5C81-84E0-4045-A81A-69BE8C74490C}.Release|x86.ActiveCfg = Release|Any CPU
		{C70E5C81-84E0-4045-A81A-69BE8C74490C}.Release|x86.Build.0 = Release|Any CPU
		{DAE4B4FE-545E-4C95-A71A-EFA0754CA6DC}.Debug|Any CPU.ActiveCfg = Debug|Any CPU
		{DAE4B4FE-545E-4C95-A71A-EFA0754CA6DC}.Debug|Any CPU.Build.0 = Debug|Any CPU
		{DAE4B4FE-545E-4C95-A71A-EFA0754CA6DC}.Debug|x64.ActiveCfg = Debug|Any CPU
		{DAE4B4FE-545E-4C95-A71A-EFA0754CA6DC}.Debug|x64.Build.0 = Debug|Any CPU
		{DAE4B4FE-545E-4C95-A71A-EFA0754CA6DC}.Debug|x86.ActiveCfg = Debug|Any CPU
		{DAE4B4FE-545E-4C95-A71A-EFA0754CA6DC}.Debug|x86.Build.0 = Debug|Any CPU
		{DAE4B4FE-545E-4C95-A71A-EFA0754CA6DC}.Release|Any CPU.ActiveCfg = Release|Any CPU
		{DAE4B4FE-545E-4C95-A71A-EFA0754CA6DC}.Release|Any CPU.Build.0 = Release|Any CPU
		{DAE4B4FE-545E-4C95-A71A-EFA0754CA6DC}.Release|x64.ActiveCfg = Release|Any CPU
		{DAE4B4FE-545E-4C95-A71A-EFA0754CA6DC}.Release|x64.Build.0 = Release|Any CPU
		{DAE4B4FE-545E-4C95-A71A-EFA0754CA6DC}.Release|x86.ActiveCfg = Release|Any CPU
		{DAE4B4FE-545E-4C95-A71A-EFA0754CA6DC}.Release|x86.Build.0 = Release|Any CPU
		{1AD16403-07C1-4B73-81B6-24979E218919}.Debug|Any CPU.ActiveCfg = Debug|Any CPU
		{1AD16403-07C1-4B73-81B6-24979E218919}.Debug|Any CPU.Build.0 = Debug|Any CPU
		{1AD16403-07C1-4B73-81B6-24979E218919}.Debug|x64.ActiveCfg = Debug|Any CPU
		{1AD16403-07C1-4B73-81B6-24979E218919}.Debug|x64.Build.0 = Debug|Any CPU
		{1AD16403-07C1-4B73-81B6-24979E218919}.Debug|x86.ActiveCfg = Debug|Any CPU
		{1AD16403-07C1-4B73-81B6-24979E218919}.Debug|x86.Build.0 = Debug|Any CPU
		{1AD16403-07C1-4B73-81B6-24979E218919}.Release|Any CPU.ActiveCfg = Release|Any CPU
		{1AD16403-07C1-4B73-81B6-24979E218919}.Release|Any CPU.Build.0 = Release|Any CPU
		{1AD16403-07C1-4B73-81B6-24979E218919}.Release|x64.ActiveCfg = Release|Any CPU
		{1AD16403-07C1-4B73-81B6-24979E218919}.Release|x64.Build.0 = Release|Any CPU
		{1AD16403-07C1-4B73-81B6-24979E218919}.Release|x86.ActiveCfg = Release|Any CPU
		{1AD16403-07C1-4B73-81B6-24979E218919}.Release|x86.Build.0 = Release|Any CPU
		{7F15B67F-ED8E-44EE-8119-6C3131918342}.Debug|Any CPU.ActiveCfg = Debug|Any CPU
		{7F15B67F-ED8E-44EE-8119-6C3131918342}.Debug|Any CPU.Build.0 = Debug|Any CPU
		{7F15B67F-ED8E-44EE-8119-6C3131918342}.Debug|x64.ActiveCfg = Debug|Any CPU
		{7F15B67F-ED8E-44EE-8119-6C3131918342}.Debug|x64.Build.0 = Debug|Any CPU
		{7F15B67F-ED8E-44EE-8119-6C3131918342}.Debug|x86.ActiveCfg = Debug|Any CPU
		{7F15B67F-ED8E-44EE-8119-6C3131918342}.Debug|x86.Build.0 = Debug|Any CPU
		{7F15B67F-ED8E-44EE-8119-6C3131918342}.Release|Any CPU.ActiveCfg = Release|Any CPU
		{7F15B67F-ED8E-44EE-8119-6C3131918342}.Release|Any CPU.Build.0 = Release|Any CPU
		{7F15B67F-ED8E-44EE-8119-6C3131918342}.Release|x64.ActiveCfg = Release|Any CPU
		{7F15B67F-ED8E-44EE-8119-6C3131918342}.Release|x64.Build.0 = Release|Any CPU
		{7F15B67F-ED8E-44EE-8119-6C3131918342}.Release|x86.ActiveCfg = Release|Any CPU
		{7F15B67F-ED8E-44EE-8119-6C3131918342}.Release|x86.Build.0 = Release|Any CPU
	EndGlobalSection
	GlobalSection(SolutionProperties) = preSolution
		HideSolutionNode = FALSE
	EndGlobalSection
	GlobalSection(ExtensibilityGlobals) = postSolution
		SolutionGuid = {EC9ADCA0-AF9C-4DCA-971A-A96B676B5A8A}
	EndGlobalSection
EndGlobal
